
Microsoft Visual Studio Solution File, Format Version 12.00
# Visual Studio 2012
Project("{FAE04EC0-301F-11D3-BF4B-00C04F79EFBC}") = "WriteToEventLog", "WriteToEventLog.csproj", "{CBBEDB68-8ACF-4B1C-96C8-6EB3C034BD03}"
EndProject
Global
	GlobalSection(SolutionConfigurationPlatforms) = preSolution
		Debug|Any CPU = Debug|Any CPU
		Release|Any CPU = Release|Any CPU
	EndGlobalSection
	GlobalSection(ProjectConfigurationPlatforms) = postSolution
		{CBBEDB68-8ACF-4B1C-96C8-6EB3C034BD03}.Debug|Any CPU.ActiveCfg = Debug|Any CPU
		{CBBEDB68-8ACF-4B1C-96C8-6EB3C034BD03}.Debug|Any CPU.Build.0 = Debug|Any CPU
		{CBBEDB68-8ACF-4B1C-96C8-6EB3C034BD03}.Release|Any CPU.ActiveCfg = Release|Any CPU
		{CBBEDB68-8ACF-4B1C-96C8-6EB3C034BD03}.Release|Any CPU.Build.0 = Release|Any CPU
	EndGlobalSection
	GlobalSection(SolutionProperties) = preSolution
		HideSolutionNode = FALSE
	EndGlobalSection
EndGlobal
