
Microsoft Visual Studio Solution File, Format Version 12.00
# Visual Studio Express 2012 for Windows Desktop
Project("{FAE04EC0-301F-11D3-BF4B-00C04F79EFBC}") = "IDisposableClass", "IDisposableClass.csproj", "{724441CD-43DB-4931-A7C3-0B21CB95089D}"
EndProject
Global
	GlobalSection(SolutionConfigurationPlatforms) = preSolution
		Debug|Any CPU = Debug|Any CPU
		Release|Any CPU = Release|Any CPU
	EndGlobalSection
	GlobalSection(ProjectConfigurationPlatforms) = postSolution
		{724441CD-43DB-4931-A7C3-0B21CB95089D}.Debug|Any CPU.ActiveCfg = Debug|Any CPU
		{724441CD-43DB-4931-A7C3-0B21CB95089D}.Debug|Any CPU.Build.0 = Debug|Any CPU
		{724441CD-43DB-4931-A7C3-0B21CB95089D}.Release|Any CPU.ActiveCfg = Release|Any CPU
		{724441CD-43DB-4931-A7C3-0B21CB95089D}.Release|Any CPU.Build.0 = Release|Any CPU
	EndGlobalSection
	GlobalSection(SolutionProperties) = preSolution
		HideSolutionNode = FALSE
	EndGlobalSection
EndGlobal
