
Microsoft Visual Studio Solution File, Format Version 12.00
# Visual Studio 2012
Project("{FAE04EC0-301F-11D3-BF4B-00C04F79EFBC}") = "using_properties", "using_properties\using_properties.csproj", "{4551BE57-D4C4-44D5-98F3-C05FD22F6490}"
EndProject
Global
	GlobalSection(SolutionConfigurationPlatforms) = preSolution
		Debug|Any CPU = Debug|Any CPU
		Release|Any CPU = Release|Any CPU
	EndGlobalSection
	GlobalSection(ProjectConfigurationPlatforms) = postSolution
		{4551BE57-D4C4-44D5-98F3-C05FD22F6490}.Debug|Any CPU.ActiveCfg = Debug|Any CPU
		{4551BE57-D4C4-44D5-98F3-C05FD22F6490}.Debug|Any CPU.Build.0 = Debug|Any CPU
		{4551BE57-D4C4-44D5-98F3-C05FD22F6490}.Release|Any CPU.ActiveCfg = Release|Any CPU
		{4551BE57-D4C4-44D5-98F3-C05FD22F6490}.Release|Any CPU.Build.0 = Release|Any CPU
	EndGlobalSection
	GlobalSection(SolutionProperties) = preSolution
		HideSolutionNode = FALSE
	EndGlobalSection
EndGlobal
