
Microsoft Visual Studio Solution File, Format Version 12.00
# Visual Studio Express 2012 for Windows Desktop
Project("{FAE04EC0-301F-11D3-BF4B-00C04F79EFBC}") = "Ch06RealWorldScenario01", "Ch06RealWorldScenario01.csproj", "{D199832B-CB7A-420C-881C-09AF201D22D8}"
EndProject
Global
	GlobalSection(SolutionConfigurationPlatforms) = preSolution
		Debug|Any CPU = Debug|Any CPU
		Release|Any CPU = Release|Any CPU
	EndGlobalSection
	GlobalSection(ProjectConfigurationPlatforms) = postSolution
		{D199832B-CB7A-420C-881C-09AF201D22D8}.Debug|Any CPU.ActiveCfg = Debug|Any CPU
		{D199832B-CB7A-420C-881C-09AF201D22D8}.Debug|Any CPU.Build.0 = Debug|Any CPU
		{D199832B-CB7A-420C-881C-09AF201D22D8}.Release|Any CPU.ActiveCfg = Release|Any CPU
		{D199832B-CB7A-420C-881C-09AF201D22D8}.Release|Any CPU.Build.0 = Release|Any CPU
	EndGlobalSection
	GlobalSection(SolutionProperties) = preSolution
		HideSolutionNode = FALSE
	EndGlobalSection
EndGlobal
