
Microsoft Visual Studio Solution File, Format Version 12.00
# Visual Studio Express 2012 for Windows Desktop
Project("{FAE04EC0-301F-11D3-BF4B-00C04F79EFBC}") = "IComparerCars", "IComparerCars.csproj", "{D5B0D04D-C8E2-40B8-9290-0E586EDCA6D0}"
EndProject
Global
	GlobalSection(SolutionConfigurationPlatforms) = preSolution
		Debug|Any CPU = Debug|Any CPU
		Release|Any CPU = Release|Any CPU
	EndGlobalSection
	GlobalSection(ProjectConfigurationPlatforms) = postSolution
		{D5B0D04D-C8E2-40B8-9290-0E586EDCA6D0}.Debug|Any CPU.ActiveCfg = Debug|Any CPU
		{D5B0D04D-C8E2-40B8-9290-0E586EDCA6D0}.Debug|Any CPU.Build.0 = Debug|Any CPU
		{D5B0D04D-C8E2-40B8-9290-0E586EDCA6D0}.Release|Any CPU.ActiveCfg = Release|Any CPU
		{D5B0D04D-C8E2-40B8-9290-0E586EDCA6D0}.Release|Any CPU.Build.0 = Release|Any CPU
	EndGlobalSection
	GlobalSection(SolutionProperties) = preSolution
		HideSolutionNode = FALSE
	EndGlobalSection
EndGlobal
