
Microsoft Visual Studio Solution File, Format Version 12.00
# Visual Studio Express 2012 for Windows Desktop
Project("{FAE04EC0-301F-11D3-BF4B-00C04F79EFBC}") = "PersonHierarchy", "PersonHierarchy.csproj", "{BD9124C6-6DD6-4E4E-ADB0-9A8F510C087F}"
EndProject
Global
	GlobalSection(SolutionConfigurationPlatforms) = preSolution
		Debug|Any CPU = Debug|Any CPU
		Release|Any CPU = Release|Any CPU
	EndGlobalSection
	GlobalSection(ProjectConfigurationPlatforms) = postSolution
		{BD9124C6-6DD6-4E4E-ADB0-9A8F510C087F}.Debug|Any CPU.ActiveCfg = Debug|Any CPU
		{BD9124C6-6DD6-4E4E-ADB0-9A8F510C087F}.Debug|Any CPU.Build.0 = Debug|Any CPU
		{BD9124C6-6DD6-4E4E-ADB0-9A8F510C087F}.Release|Any CPU.ActiveCfg = Release|Any CPU
		{BD9124C6-6DD6-4E4E-ADB0-9A8F510C087F}.Release|Any CPU.Build.0 = Release|Any CPU
	EndGlobalSection
	GlobalSection(SolutionProperties) = preSolution
		HideSolutionNode = FALSE
	EndGlobalSection
EndGlobal
