
Microsoft Visual Studio Solution File, Format Version 12.00
# Visual Studio 2013
VisualStudioVersion = 12.0.31101.0
MinimumVisualStudioVersion = 10.0.40219.1
Project("{FAE04EC0-301F-11D3-BF4B-00C04F79EFBC}") = "Chapter1", "1_1_Multithreading\Chapter1.csproj", "{6106E8F8-6EA0-4A2C-AFCA-825FC7DB9D0B}"
EndProject
Project("{FAE04EC0-301F-11D3-BF4B-00C04F79EFBC}") = "Launcher", "Launcher\Launcher.csproj", "{473BE9B7-FEBE-439E-B709-65E7E89564D6}"
EndProject
Project("{FAE04EC0-301F-11D3-BF4B-00C04F79EFBC}") = "Common", "Common\Common.csproj", "{1B34C5EB-728B-4AE4-AABE-B11192255923}"
EndProject
Project("{FAE04EC0-301F-11D3-BF4B-00C04F79EFBC}") = "Chapter2", "Chapter2\Chapter2.csproj", "{A1D048C3-5C2B-4A78-A465-44D7CF6211F8}"
EndProject
Project("{FAE04EC0-301F-11D3-BF4B-00C04F79EFBC}") = "Chapter3", "Chapter3\Chapter3.csproj", "{0E744E16-5347-4288-AD57-5B2525A09038}"
EndProject
Global
	GlobalSection(SolutionConfigurationPlatforms) = preSolution
		Debug|Any CPU = Debug|Any CPU
		Release|Any CPU = Release|Any CPU
	EndGlobalSection
	GlobalSection(ProjectConfigurationPlatforms) = postSolution
		{6106E8F8-6EA0-4A2C-AFCA-825FC7DB9D0B}.Debug|Any CPU.ActiveCfg = Debug|Any CPU
		{6106E8F8-6EA0-4A2C-AFCA-825FC7DB9D0B}.Debug|Any CPU.Build.0 = Debug|Any CPU
		{6106E8F8-6EA0-4A2C-AFCA-825FC7DB9D0B}.Release|Any CPU.ActiveCfg = Release|Any CPU
		{6106E8F8-6EA0-4A2C-AFCA-825FC7DB9D0B}.Release|Any CPU.Build.0 = Release|Any CPU
		{473BE9B7-FEBE-439E-B709-65E7E89564D6}.Debug|Any CPU.ActiveCfg = Debug|Any CPU
		{473BE9B7-FEBE-439E-B709-65E7E89564D6}.Debug|Any CPU.Build.0 = Debug|Any CPU
		{473BE9B7-FEBE-439E-B709-65E7E89564D6}.Release|Any CPU.ActiveCfg = Release|Any CPU
		{473BE9B7-FEBE-439E-B709-65E7E89564D6}.Release|Any CPU.Build.0 = Release|Any CPU
		{1B34C5EB-728B-4AE4-AABE-B11192255923}.Debug|Any CPU.ActiveCfg = Debug|Any CPU
		{1B34C5EB-728B-4AE4-AABE-B11192255923}.Debug|Any CPU.Build.0 = Debug|Any CPU
		{1B34C5EB-728B-4AE4-AABE-B11192255923}.Release|Any CPU.ActiveCfg = Release|Any CPU
		{1B34C5EB-728B-4AE4-AABE-B11192255923}.Release|Any CPU.Build.0 = Release|Any CPU
		{A1D048C3-5C2B-4A78-A465-44D7CF6211F8}.Debug|Any CPU.ActiveCfg = Debug|Any CPU
		{A1D048C3-5C2B-4A78-A465-44D7CF6211F8}.Debug|Any CPU.Build.0 = Debug|Any CPU
		{A1D048C3-5C2B-4A78-A465-44D7CF6211F8}.Release|Any CPU.ActiveCfg = Release|Any CPU
		{A1D048C3-5C2B-4A78-A465-44D7CF6211F8}.Release|Any CPU.Build.0 = Release|Any CPU
		{0E744E16-5347-4288-AD57-5B2525A09038}.Debug|Any CPU.ActiveCfg = Debug|Any CPU
		{0E744E16-5347-4288-AD57-5B2525A09038}.Debug|Any CPU.Build.0 = Debug|Any CPU
		{0E744E16-5347-4288-AD57-5B2525A09038}.Release|Any CPU.ActiveCfg = Release|Any CPU
		{0E744E16-5347-4288-AD57-5B2525A09038}.Release|Any CPU.Build.0 = Release|Any CPU
	EndGlobalSection
	GlobalSection(SolutionProperties) = preSolution
		HideSolutionNode = FALSE
	EndGlobalSection
EndGlobal
