
Microsoft Visual Studio Solution File, Format Version 12.00
# Visual Studio 2012
Project("{FAE04EC0-301F-11D3-BF4B-00C04F79EFBC}") = "working_with_for_loops", "working_with_for_loops\working_with_for_loops.csproj", "{EA792D05-E8A5-413D-A8B5-F6F01D9A4880}"
EndProject
Global
	GlobalSection(SolutionConfigurationPlatforms) = preSolution
		Debug|Any CPU = Debug|Any CPU
		Release|Any CPU = Release|Any CPU
	EndGlobalSection
	GlobalSection(ProjectConfigurationPlatforms) = postSolution
		{EA792D05-E8A5-413D-A8B5-F6F01D9A4880}.Debug|Any CPU.ActiveCfg = Debug|Any CPU
		{EA792D05-E8A5-413D-A8B5-F6F01D9A4880}.Debug|Any CPU.Build.0 = Debug|Any CPU
		{EA792D05-E8A5-413D-A8B5-F6F01D9A4880}.Release|Any CPU.ActiveCfg = Release|Any CPU
		{EA792D05-E8A5-413D-A8B5-F6F01D9A4880}.Release|Any CPU.Build.0 = Release|Any CPU
	EndGlobalSection
	GlobalSection(SolutionProperties) = preSolution
		HideSolutionNode = FALSE
	EndGlobalSection
EndGlobal
