
Microsoft Visual Studio Solution File, Format Version 12.00
# Visual Studio 2012
Project("{FAE04EC0-301F-11D3-BF4B-00C04F79EFBC}") = "lottery_program", "lottery_program\lottery_program.csproj", "{2AE337B1-A3EF-4249-A100-1E80B2FE8A18}"
EndProject
Global
	GlobalSection(SolutionConfigurationPlatforms) = preSolution
		Debug|Any CPU = Debug|Any CPU
		Release|Any CPU = Release|Any CPU
	EndGlobalSection
	GlobalSection(ProjectConfigurationPlatforms) = postSolution
		{2AE337B1-A3EF-4249-A100-1E80B2FE8A18}.Debug|Any CPU.ActiveCfg = Debug|Any CPU
		{2AE337B1-A3EF-4249-A100-1E80B2FE8A18}.Debug|Any CPU.Build.0 = Debug|Any CPU
		{2AE337B1-A3EF-4249-A100-1E80B2FE8A18}.Release|Any CPU.ActiveCfg = Release|Any CPU
		{2AE337B1-A3EF-4249-A100-1E80B2FE8A18}.Release|Any CPU.Build.0 = Release|Any CPU
	EndGlobalSection
	GlobalSection(SolutionProperties) = preSolution
		HideSolutionNode = FALSE
	EndGlobalSection
EndGlobal
